
Microsoft Visual Studio Solution File, Format Version 12.00
# Visual Studio Version 16
VisualStudioVersion = 16.0.32002.261
MinimumVisualStudioVersion = 10.0.40219.1
Project("{FAE04EC0-301F-11D3-BF4B-00C04F79EFBC}") = "PracZaliczeniowa", ".\Program\PracZaliczeniowa.csproj", "{F09985CE-FBA1-438B-8DB2-5DAEA67822EE}"
EndProject
Project("{FAE04EC0-301F-11D3-BF4B-00C04F79EFBC}") = "Form", ".\Form\Form.csproj", "{C4637F97-A037-4173-9A0C-8355A9A13A76}"
EndProject
Global
	GlobalSection(SolutionConfigurationPlatforms) = preSolution
		Debug|Any CPU = Debug|Any CPU
		Release|Any CPU = Release|Any CPU
	EndGlobalSection
	GlobalSection(ProjectConfigurationPlatforms) = postSolution
		{F09985CE-FBA1-438B-8DB2-5DAEA67822EE}.Debug|Any CPU.ActiveCfg = Debug|Any CPU
		{F09985CE-FBA1-438B-8DB2-5DAEA67822EE}.Debug|Any CPU.Build.0 = Debug|Any CPU
		{F09985CE-FBA1-438B-8DB2-5DAEA67822EE}.Release|Any CPU.ActiveCfg = Release|Any CPU
		{F09985CE-FBA1-438B-8DB2-5DAEA67822EE}.Release|Any CPU.Build.0 = Release|Any CPU
		{C4637F97-A037-4173-9A0C-8355A9A13A76}.Debug|Any CPU.ActiveCfg = Debug|Any CPU
		{C4637F97-A037-4173-9A0C-8355A9A13A76}.Debug|Any CPU.Build.0 = Debug|Any CPU
		{C4637F97-A037-4173-9A0C-8355A9A13A76}.Release|Any CPU.ActiveCfg = Release|Any CPU
		{C4637F97-A037-4173-9A0C-8355A9A13A76}.Release|Any CPU.Build.0 = Release|Any CPU
	EndGlobalSection
	GlobalSection(SolutionProperties) = preSolution
		HideSolutionNode = FALSE
	EndGlobalSection
	GlobalSection(ExtensibilityGlobals) = postSolution
		SolutionGuid = {B4315B82-C0CE-4F1B-8ED0-9A5AE0D12C55}
	EndGlobalSection
EndGlobal
